
Microsoft Visual Studio Solution File, Format Version 12.00
# Visual Studio Version 17
VisualStudioVersion = 17.1.32328.378
MinimumVisualStudioVersion = 10.0.40219.1
Project("{9A19103F-16F7-4668-BE54-9A1E7A4F7556}") = "Purin.Parser", "Purin.Parser\Purin.Parser.csproj", "{ED4DE323-104C-4724-A37A-AE70561A529B}"
EndProject
Project("{9A19103F-16F7-4668-BE54-9A1E7A4F7556}") = "Purin.Runtime", "Purin.Runtime\Purin.Runtime.csproj", "{B4D702ED-1FF4-498C-AB4B-113853B93B1D}"
EndProject
Project("{9A19103F-16F7-4668-BE54-9A1E7A4F7556}") = "Purin.Interpreter", "Purin.Interpreter\Purin.Interpreter.csproj", "{5BC793E1-7D3D-4E73-B4F3-D7D357F96785}"
EndProject
Project("{9A19103F-16F7-4668-BE54-9A1E7A4F7556}") = "Purin.Cmd", "Purin.Cmd\Purin.Cmd.csproj", "{FFC4F0F6-4DF0-4617-A842-39E664BFF193}"
EndProject
Project("{9A19103F-16F7-4668-BE54-9A1E7A4F7556}") = "Purin.NativeTypes", "Purin.NativeTypes\Purin.NativeTypes.csproj", "{4A020B9B-64C3-45DE-A887-D5081200F2CC}"
EndProject
Project("{9A19103F-16F7-4668-BE54-9A1E7A4F7556}") = "Purin.PackageManager.Server", "Purin.PackageManager.Server\Purin.PackageManager.Server.csproj", "{8E01B213-C3D2-4990-BE35-78B87CF677E5}"
EndProject
Project("{FAE04EC0-301F-11D3-BF4B-00C04F79EFBC}") = "Purin.PackageManager.Client", "Purin.PackageManager.Client\Purin.PackageManager.Client.csproj", "{29033276-C996-411A-9168-0AB503C655E5}"
EndProject
Project("{FAE04EC0-301F-11D3-BF4B-00C04F79EFBC}") = "Purin.PackageManager.Domain", "Purin.PackageManager.Domain\Purin.PackageManager.Domain.csproj", "{84074E25-2B0C-4280-B988-5FFFADA04FBA}"
EndProject
Global
	GlobalSection(SolutionConfigurationPlatforms) = preSolution
		Debug|Any CPU = Debug|Any CPU
		Release|Any CPU = Release|Any CPU
	EndGlobalSection
	GlobalSection(ProjectConfigurationPlatforms) = postSolution
		{ED4DE323-104C-4724-A37A-AE70561A529B}.Debug|Any CPU.ActiveCfg = Debug|Any CPU
		{ED4DE323-104C-4724-A37A-AE70561A529B}.Debug|Any CPU.Build.0 = Debug|Any CPU
		{ED4DE323-104C-4724-A37A-AE70561A529B}.Release|Any CPU.ActiveCfg = Release|Any CPU
		{ED4DE323-104C-4724-A37A-AE70561A529B}.Release|Any CPU.Build.0 = Release|Any CPU
		{B4D702ED-1FF4-498C-AB4B-113853B93B1D}.Debug|Any CPU.ActiveCfg = Debug|Any CPU
		{B4D702ED-1FF4-498C-AB4B-113853B93B1D}.Debug|Any CPU.Build.0 = Debug|Any CPU
		{B4D702ED-1FF4-498C-AB4B-113853B93B1D}.Release|Any CPU.ActiveCfg = Release|Any CPU
		{B4D702ED-1FF4-498C-AB4B-113853B93B1D}.Release|Any CPU.Build.0 = Release|Any CPU
		{5BC793E1-7D3D-4E73-B4F3-D7D357F96785}.Debug|Any CPU.ActiveCfg = Debug|Any CPU
		{5BC793E1-7D3D-4E73-B4F3-D7D357F96785}.Debug|Any CPU.Build.0 = Debug|Any CPU
		{5BC793E1-7D3D-4E73-B4F3-D7D357F96785}.Release|Any CPU.ActiveCfg = Release|Any CPU
		{5BC793E1-7D3D-4E73-B4F3-D7D357F96785}.Release|Any CPU.Build.0 = Release|Any CPU
		{FFC4F0F6-4DF0-4617-A842-39E664BFF193}.Debug|Any CPU.ActiveCfg = Debug|Any CPU
		{FFC4F0F6-4DF0-4617-A842-39E664BFF193}.Debug|Any CPU.Build.0 = Debug|Any CPU
		{FFC4F0F6-4DF0-4617-A842-39E664BFF193}.Release|Any CPU.ActiveCfg = Release|Any CPU
		{FFC4F0F6-4DF0-4617-A842-39E664BFF193}.Release|Any CPU.Build.0 = Release|Any CPU
		{4A020B9B-64C3-45DE-A887-D5081200F2CC}.Debug|Any CPU.ActiveCfg = Debug|Any CPU
		{4A020B9B-64C3-45DE-A887-D5081200F2CC}.Debug|Any CPU.Build.0 = Debug|Any CPU
		{4A020B9B-64C3-45DE-A887-D5081200F2CC}.Release|Any CPU.ActiveCfg = Release|Any CPU
		{4A020B9B-64C3-45DE-A887-D5081200F2CC}.Release|Any CPU.Build.0 = Release|Any CPU
		{8E01B213-C3D2-4990-BE35-78B87CF677E5}.Debug|Any CPU.ActiveCfg = Debug|Any CPU
		{8E01B213-C3D2-4990-BE35-78B87CF677E5}.Debug|Any CPU.Build.0 = Debug|Any CPU
		{8E01B213-C3D2-4990-BE35-78B87CF677E5}.Release|Any CPU.ActiveCfg = Release|Any CPU
		{8E01B213-C3D2-4990-BE35-78B87CF677E5}.Release|Any CPU.Build.0 = Release|Any CPU
		{29033276-C996-411A-9168-0AB503C655E5}.Debug|Any CPU.ActiveCfg = Debug|Any CPU
		{29033276-C996-411A-9168-0AB503C655E5}.Debug|Any CPU.Build.0 = Debug|Any CPU
		{29033276-C996-411A-9168-0AB503C655E5}.Release|Any CPU.ActiveCfg = Release|Any CPU
		{29033276-C996-411A-9168-0AB503C655E5}.Release|Any CPU.Build.0 = Release|Any CPU
		{84074E25-2B0C-4280-B988-5FFFADA04FBA}.Debug|Any CPU.ActiveCfg = Debug|Any CPU
		{84074E25-2B0C-4280-B988-5FFFADA04FBA}.Debug|Any CPU.Build.0 = Debug|Any CPU
		{84074E25-2B0C-4280-B988-5FFFADA04FBA}.Release|Any CPU.ActiveCfg = Release|Any CPU
		{84074E25-2B0C-4280-B988-5FFFADA04FBA}.Release|Any CPU.Build.0 = Release|Any CPU
	EndGlobalSection
	GlobalSection(SolutionProperties) = preSolution
		HideSolutionNode = FALSE
	EndGlobalSection
	GlobalSection(ExtensibilityGlobals) = postSolution
		SolutionGuid = {504CB7E7-5933-49AD-A271-56C9E3A7AF2B}
	EndGlobalSection
EndGlobal
